
Microsoft Visual Studio Solution File, Format Version 12.00
# Visual Studio Version 16
VisualStudioVersion = 25.0.1700.0
MinimumVisualStudioVersion = 10.0.40219.1
Project("{FAE04EC0-301F-11D3-BF4B-00C04F79EFBC}") = "Roaring", "Roaring\Roaring.csproj", "{11F8AB4B-0577-4F61-84EF-FA685B06468E}"
EndProject
Global
	GlobalSection(SolutionConfigurationPlatforms) = preSolution
		Debug|Any CPU = Debug|Any CPU
		Release|Any CPU = Release|Any CPU
	EndGlobalSection
	GlobalSection(ProjectConfigurationPlatforms) = postSolution
		{11F8AB4B-0577-4F61-84EF-FA685B06468E}.Debug|Any CPU.ActiveCfg = Debug|Any CPU
		{11F8AB4B-0577-4F61-84EF-FA685B06468E}.Debug|Any CPU.Build.0 = Debug|Any CPU
		{11F8AB4B-0577-4F61-84EF-FA685B06468E}.Release|Any CPU.ActiveCfg = Release|Any CPU
		{11F8AB4B-0577-4F61-84EF-FA685B06468E}.Release|Any CPU.Build.0 = Release|Any CPU
	EndGlobalSection
	GlobalSection(SolutionProperties) = preSolution
		HideSolutionNode = FALSE
	EndGlobalSection
	GlobalSection(ExtensibilityGlobals) = postSolution
		SolutionGuid = {756932DA-48E7-4931-9FC0-AE02605567E5}
	EndGlobalSection
EndGlobal
